
Microsoft Visual Studio Solution File, Format Version 12.00
# Visual Studio Version 16
VisualStudioVersion = 16.0.30621.155
MinimumVisualStudioVersion = 10.0.40219.1
Project("{FAE04EC0-301F-11D3-BF4B-00C04F79EFBC}") = "WarServer", "WarServer\WarServer.csproj", "{F9046F43-B8C3-4447-975F-CD49BB8A2107}"
EndProject
Project("{FAE04EC0-301F-11D3-BF4B-00C04F79EFBC}") = "WarClient", "WarClient\WarClient.csproj", "{5E57D22E-0F8A-4607-8F3D-CE2BE0AA9BB1}"
EndProject
Project("{2150E333-8FDC-42A3-9474-1A3956D46DE8}") = "WarClientPython", "WarClientPython", "{402BC54B-B62C-4333-ACDA-5836AE43CD97}"
	ProjectSection(SolutionItems) = preProject
		program.py = program.py
	EndProjectSection
EndProject
Global
	GlobalSection(SolutionConfigurationPlatforms) = preSolution
		Debug|Any CPU = Debug|Any CPU
		Release|Any CPU = Release|Any CPU
	EndGlobalSection
	GlobalSection(ProjectConfigurationPlatforms) = postSolution
		{F9046F43-B8C3-4447-975F-CD49BB8A2107}.Debug|Any CPU.ActiveCfg = Debug|Any CPU
		{F9046F43-B8C3-4447-975F-CD49BB8A2107}.Debug|Any CPU.Build.0 = Debug|Any CPU
		{F9046F43-B8C3-4447-975F-CD49BB8A2107}.Release|Any CPU.ActiveCfg = Release|Any CPU
		{F9046F43-B8C3-4447-975F-CD49BB8A2107}.Release|Any CPU.Build.0 = Release|Any CPU
		{5E57D22E-0F8A-4607-8F3D-CE2BE0AA9BB1}.Debug|Any CPU.ActiveCfg = Debug|Any CPU
		{5E57D22E-0F8A-4607-8F3D-CE2BE0AA9BB1}.Debug|Any CPU.Build.0 = Debug|Any CPU
		{5E57D22E-0F8A-4607-8F3D-CE2BE0AA9BB1}.Release|Any CPU.ActiveCfg = Release|Any CPU
		{5E57D22E-0F8A-4607-8F3D-CE2BE0AA9BB1}.Release|Any CPU.Build.0 = Release|Any CPU
	EndGlobalSection
	GlobalSection(SolutionProperties) = preSolution
		HideSolutionNode = FALSE
	EndGlobalSection
	GlobalSection(ExtensibilityGlobals) = postSolution
		SolutionGuid = {BB52CC64-15D4-4001-969C-A8C973C929B8}
	EndGlobalSection
EndGlobal
